
Microsoft Visual Studio Solution File, Format Version 12.00
# Visual Studio Version 17
VisualStudioVersion = 17.14.36511.14
MinimumVisualStudioVersion = 10.0.40219.1
Project("{2150E333-8FDC-42A3-9474-1A3956D46DE8}") = "Task0", "Task0", "{02EA681E-C7D8-13C7-8484-4AC65E1B71E8}"
EndProject
Project("{FAE04EC0-301F-11D3-BF4B-00C04F79EFBC}") = "Tyuiu.AfoninME.Sprint4.Task0.V9", "Tyuiu.AfoninME.Sprint4.Task0.V9\Tyuiu.AfoninME.Sprint4.Task0.V9.csproj", "{1064E86F-CBB0-43FE-82B3-145B8DBE36AC}"
EndProject
Project("{FAE04EC0-301F-11D3-BF4B-00C04F79EFBC}") = "Tyuiu.AfoninME.Sprint4.Task0.V9.Lib", "Tyuiu.AfoninME.Sprint4.Task0.V9.Lib\Tyuiu.AfoninME.Sprint4.Task0.V9.Lib.csproj", "{CF90997B-EDFE-4355-809C-CD7A47554B32}"
EndProject
Project("{FAE04EC0-301F-11D3-BF4B-00C04F79EFBC}") = "Tyuiu.AfoninME.Sprint4.Task0.V9.Test", "Tyuiu.AfoninME.Sprint4.Task0.V9.Test\Tyuiu.AfoninME.Sprint4.Task0.V9.Test.csproj", "{258E4193-7995-4181-8A55-E916467BC8D7}"
EndProject
Project("{2150E333-8FDC-42A3-9474-1A3956D46DE8}") = "Task1", "Task1", "{36A552EE-1931-4409-B1D1-9A71D921E345}"
EndProject
Project("{FAE04EC0-301F-11D3-BF4B-00C04F79EFBC}") = "Tyuiu.AfoninME.Sprint4.Task1.V9", "Tyuiu.AfoninME.Sprint4.Task1.V9\Tyuiu.AfoninME.Sprint4.Task1.V9.csproj", "{CCE48389-F4F2-46EF-B66A-F79CF7788510}"
EndProject
Project("{FAE04EC0-301F-11D3-BF4B-00C04F79EFBC}") = "Tyuiu.AfoninME.Sprint4.Task1.V9.Lib", "Tyuiu.AfoninME.Sprint4.Task1.V9.Lib\Tyuiu.AfoninME.Sprint4.Task1.V9.Lib.csproj", "{B9D54FD7-553D-48BC-99E4-C07F84F5F8CC}"
EndProject
Project("{FAE04EC0-301F-11D3-BF4B-00C04F79EFBC}") = "Tyuiu.AfoninME.Sprint4.Task1.V9.Test", "Tyuiu.AfoninME.Sprint4.Task1.V9.Test\Tyuiu.AfoninME.Sprint4.Task1.V9.Test.csproj", "{BB982A11-5E2C-4D01-8F8F-8AD9D4BF62D9}"
EndProject
Project("{2150E333-8FDC-42A3-9474-1A3956D46DE8}") = "Task2", "Task2", "{3C0026D7-A63F-416F-9C1E-868516D3D205}"
EndProject
Project("{FAE04EC0-301F-11D3-BF4B-00C04F79EFBC}") = "Tyuiu.AfoninME.Sprint4.Task2.V19", "Tyuiu.AfoninME.Sprint4.Task2.V19\Tyuiu.AfoninME.Sprint4.Task2.V19.csproj", "{841F000C-8E49-48AA-ACF8-8A9B1795566B}"
EndProject
Project("{FAE04EC0-301F-11D3-BF4B-00C04F79EFBC}") = "Tyuiu.AfoninME.Sprint4.Task2.V19.Lib", "Tyuiu.AfoninME.Sprint4.Task2.V19.Lib\Tyuiu.AfoninME.Sprint4.Task2.V19.Lib.csproj", "{7CE9AF97-0679-42C5-93A1-C213E478FCC6}"
EndProject
Project("{FAE04EC0-301F-11D3-BF4B-00C04F79EFBC}") = "Tyuiu.AfoninME.Sprint4.Task2.V19.Test", "Tyuiu.AfoninME.Sprint4.Task2.V19.Test\Tyuiu.AfoninME.Sprint4.Task2.V19.Test.csproj", "{FC1DB7CF-147E-49B3-9EE3-5F7621633B86}"
EndProject
Project("{2150E333-8FDC-42A3-9474-1A3956D46DE8}") = "Task3", "Task3", "{41B9FD19-B3CB-4D92-AEA3-015D3D075B0B}"
EndProject
Project("{FAE04EC0-301F-11D3-BF4B-00C04F79EFBC}") = "Tyuiu.AfoninME.Sprint4.Task3.V23", "Tyuiu.AfoninME.Sprint4.Task3.V23\Tyuiu.AfoninME.Sprint4.Task3.V23.csproj", "{4849C2BB-9AFA-41B7-B281-BAE9D0C77570}"
EndProject
Project("{FAE04EC0-301F-11D3-BF4B-00C04F79EFBC}") = "Tyuiu.AfoninME.Sprint4.Task3.V23.Lib", "Tyuiu.AfoninME.Sprint4.Task3.V23.Lib\Tyuiu.AfoninME.Sprint4.Task3.V23.Lib.csproj", "{6A77280B-4F5F-4D27-8FDF-43E057C8C1F4}"
EndProject
Project("{FAE04EC0-301F-11D3-BF4B-00C04F79EFBC}") = "Tyuiu.AfoninME.Sprint4.Task3.V23.Test", "Tyuiu.AfoninME.Sprint4.Task3.V23.Test\Tyuiu.AfoninME.Sprint4.Task3.V23.Test.csproj", "{B4223260-175E-4C25-9D10-21968141D7F0}"
EndProject
Global
	GlobalSection(SolutionConfigurationPlatforms) = preSolution
		Debug|Any CPU = Debug|Any CPU
		Release|Any CPU = Release|Any CPU
	EndGlobalSection
	GlobalSection(ProjectConfigurationPlatforms) = postSolution
		{1064E86F-CBB0-43FE-82B3-145B8DBE36AC}.Debug|Any CPU.ActiveCfg = Debug|Any CPU
		{1064E86F-CBB0-43FE-82B3-145B8DBE36AC}.Debug|Any CPU.Build.0 = Debug|Any CPU
		{1064E86F-CBB0-43FE-82B3-145B8DBE36AC}.Release|Any CPU.ActiveCfg = Release|Any CPU
		{1064E86F-CBB0-43FE-82B3-145B8DBE36AC}.Release|Any CPU.Build.0 = Release|Any CPU
		{CF90997B-EDFE-4355-809C-CD7A47554B32}.Debug|Any CPU.ActiveCfg = Debug|Any CPU
		{CF90997B-EDFE-4355-809C-CD7A47554B32}.Debug|Any CPU.Build.0 = Debug|Any CPU
		{CF90997B-EDFE-4355-809C-CD7A47554B32}.Release|Any CPU.ActiveCfg = Release|Any CPU
		{CF90997B-EDFE-4355-809C-CD7A47554B32}.Release|Any CPU.Build.0 = Release|Any CPU
		{258E4193-7995-4181-8A55-E916467BC8D7}.Debug|Any CPU.ActiveCfg = Debug|Any CPU
		{258E4193-7995-4181-8A55-E916467BC8D7}.Debug|Any CPU.Build.0 = Debug|Any CPU
		{258E4193-7995-4181-8A55-E916467BC8D7}.Release|Any CPU.ActiveCfg = Release|Any CPU
		{258E4193-7995-4181-8A55-E916467BC8D7}.Release|Any CPU.Build.0 = Release|Any CPU
		{CCE48389-F4F2-46EF-B66A-F79CF7788510}.Debug|Any CPU.ActiveCfg = Debug|Any CPU
		{CCE48389-F4F2-46EF-B66A-F79CF7788510}.Debug|Any CPU.Build.0 = Debug|Any CPU
		{CCE48389-F4F2-46EF-B66A-F79CF7788510}.Release|Any CPU.ActiveCfg = Release|Any CPU
		{CCE48389-F4F2-46EF-B66A-F79CF7788510}.Release|Any CPU.Build.0 = Release|Any CPU
		{B9D54FD7-553D-48BC-99E4-C07F84F5F8CC}.Debug|Any CPU.ActiveCfg = Debug|Any CPU
		{B9D54FD7-553D-48BC-99E4-C07F84F5F8CC}.Debug|Any CPU.Build.0 = Debug|Any CPU
		{B9D54FD7-553D-48BC-99E4-C07F84F5F8CC}.Release|Any CPU.ActiveCfg = Release|Any CPU
		{B9D54FD7-553D-48BC-99E4-C07F84F5F8CC}.Release|Any CPU.Build.0 = Release|Any CPU
		{BB982A11-5E2C-4D01-8F8F-8AD9D4BF62D9}.Debug|Any CPU.ActiveCfg = Debug|Any CPU
		{BB982A11-5E2C-4D01-8F8F-8AD9D4BF62D9}.Debug|Any CPU.Build.0 = Debug|Any CPU
		{BB982A11-5E2C-4D01-8F8F-8AD9D4BF62D9}.Release|Any CPU.ActiveCfg = Release|Any CPU
		{BB982A11-5E2C-4D01-8F8F-8AD9D4BF62D9}.Release|Any CPU.Build.0 = Release|Any CPU
		{841F000C-8E49-48AA-ACF8-8A9B1795566B}.Debug|Any CPU.ActiveCfg = Debug|Any CPU
		{841F000C-8E49-48AA-ACF8-8A9B1795566B}.Debug|Any CPU.Build.0 = Debug|Any CPU
		{841F000C-8E49-48AA-ACF8-8A9B1795566B}.Release|Any CPU.ActiveCfg = Release|Any CPU
		{841F000C-8E49-48AA-ACF8-8A9B1795566B}.Release|Any CPU.Build.0 = Release|Any CPU
		{7CE9AF97-0679-42C5-93A1-C213E478FCC6}.Debug|Any CPU.ActiveCfg = Debug|Any CPU
		{7CE9AF97-0679-42C5-93A1-C213E478FCC6}.Debug|Any CPU.Build.0 = Debug|Any CPU
		{7CE9AF97-0679-42C5-93A1-C213E478FCC6}.Release|Any CPU.ActiveCfg = Release|Any CPU
		{7CE9AF97-0679-42C5-93A1-C213E478FCC6}.Release|Any CPU.Build.0 = Release|Any CPU
		{FC1DB7CF-147E-49B3-9EE3-5F7621633B86}.Debug|Any CPU.ActiveCfg = Debug|Any CPU
		{FC1DB7CF-147E-49B3-9EE3-5F7621633B86}.Debug|Any CPU.Build.0 = Debug|Any CPU
		{FC1DB7CF-147E-49B3-9EE3-5F7621633B86}.Release|Any CPU.ActiveCfg = Release|Any CPU
		{FC1DB7CF-147E-49B3-9EE3-5F7621633B86}.Release|Any CPU.Build.0 = Release|Any CPU
		{4849C2BB-9AFA-41B7-B281-BAE9D0C77570}.Debug|Any CPU.ActiveCfg = Debug|Any CPU
		{4849C2BB-9AFA-41B7-B281-BAE9D0C77570}.Debug|Any CPU.Build.0 = Debug|Any CPU
		{4849C2BB-9AFA-41B7-B281-BAE9D0C77570}.Release|Any CPU.ActiveCfg = Release|Any CPU
		{4849C2BB-9AFA-41B7-B281-BAE9D0C77570}.Release|Any CPU.Build.0 = Release|Any CPU
		{6A77280B-4F5F-4D27-8FDF-43E057C8C1F4}.Debug|Any CPU.ActiveCfg = Debug|Any CPU
		{6A77280B-4F5F-4D27-8FDF-43E057C8C1F4}.Debug|Any CPU.Build.0 = Debug|Any CPU
		{6A77280B-4F5F-4D27-8FDF-43E057C8C1F4}.Release|Any CPU.ActiveCfg = Release|Any CPU
		{6A77280B-4F5F-4D27-8FDF-43E057C8C1F4}.Release|Any CPU.Build.0 = Release|Any CPU
		{B4223260-175E-4C25-9D10-21968141D7F0}.Debug|Any CPU.ActiveCfg = Debug|Any CPU
		{B4223260-175E-4C25-9D10-21968141D7F0}.Debug|Any CPU.Build.0 = Debug|Any CPU
		{B4223260-175E-4C25-9D10-21968141D7F0}.Release|Any CPU.ActiveCfg = Release|Any CPU
		{B4223260-175E-4C25-9D10-21968141D7F0}.Release|Any CPU.Build.0 = Release|Any CPU
	EndGlobalSection
	GlobalSection(SolutionProperties) = preSolution
		HideSolutionNode = FALSE
	EndGlobalSection
	GlobalSection(NestedProjects) = preSolution
		{1064E86F-CBB0-43FE-82B3-145B8DBE36AC} = {02EA681E-C7D8-13C7-8484-4AC65E1B71E8}
		{CF90997B-EDFE-4355-809C-CD7A47554B32} = {02EA681E-C7D8-13C7-8484-4AC65E1B71E8}
		{258E4193-7995-4181-8A55-E916467BC8D7} = {02EA681E-C7D8-13C7-8484-4AC65E1B71E8}
		{CCE48389-F4F2-46EF-B66A-F79CF7788510} = {36A552EE-1931-4409-B1D1-9A71D921E345}
		{B9D54FD7-553D-48BC-99E4-C07F84F5F8CC} = {36A552EE-1931-4409-B1D1-9A71D921E345}
		{BB982A11-5E2C-4D01-8F8F-8AD9D4BF62D9} = {36A552EE-1931-4409-B1D1-9A71D921E345}
		{841F000C-8E49-48AA-ACF8-8A9B1795566B} = {3C0026D7-A63F-416F-9C1E-868516D3D205}
		{7CE9AF97-0679-42C5-93A1-C213E478FCC6} = {3C0026D7-A63F-416F-9C1E-868516D3D205}
		{FC1DB7CF-147E-49B3-9EE3-5F7621633B86} = {3C0026D7-A63F-416F-9C1E-868516D3D205}
		{4849C2BB-9AFA-41B7-B281-BAE9D0C77570} = {41B9FD19-B3CB-4D92-AEA3-015D3D075B0B}
		{6A77280B-4F5F-4D27-8FDF-43E057C8C1F4} = {41B9FD19-B3CB-4D92-AEA3-015D3D075B0B}
		{B4223260-175E-4C25-9D10-21968141D7F0} = {41B9FD19-B3CB-4D92-AEA3-015D3D075B0B}
	EndGlobalSection
	GlobalSection(ExtensibilityGlobals) = postSolution
		SolutionGuid = {86B4BEA0-970B-4627-8A6B-B538F6179746}
	EndGlobalSection
EndGlobal
